<?xml version="1.0" encoding="utf-8"?>
<Project ToolsVersion="4.0" xmlns="http://schemas.microsoft.com/developer/msbuild/2003">
  <ItemGroup>
    <Filter Include="Source Files">
      <UniqueIdentifier>{4FC737F1-C7A5-4376-A066-2A32D752A2FF}</UniqueIdentifier>
      <Extensions>cpp;c;cc;cxx;def;odl;idl;hpj;bat;asm;asmx</Extensions>
    </Filter>
    <Filter Include="Header Files">
      <UniqueIdentifier>{93995380-89BD-4b04-88EB-625FBE52EBFB}</UniqueIdentifier>
      <Extensions>h;hh;hpp;hxx;hm;inl;inc;xsd</Extensions>
    </Filter>
    <Filter Include="Resource Files">
      <UniqueIdentifier>{67DA6AB6-F800-4c08-8B7A-83BB121AAD01}</UniqueIdentifier>
      <Extensions>rc;ico;cur;bmp;dlg;rc2;rct;bin;rgs;gif;jpg;jpeg;jpe;resx;tiff;tif;png;wav</Extensions>
    </Filter>
    <Filter Include="urtcengine">
      <UniqueIdentifier>{5568ce42-f335-4e32-9a40-27574dff846a}</UniqueIdentifier>
    </Filter>
    <Filter Include="utiles">
      <UniqueIdentifier>{6d5ddb0c-0d18-40aa-8ea7-587f010f9c51}</UniqueIdentifier>
    </Filter>
  </ItemGroup>
  <ItemGroup>
    <ClCompile Include="sdktestdemo\DeviceTestDlg.cpp">
      <Filter>Source Files</Filter>
    </ClCompile>
    <ClCompile Include="sdktestdemo\SdkTestDemo.cpp">
      <Filter>Source Files</Filter>
    </ClCompile>
    <ClCompile Include="sdktestdemo\SdkTestDemoDlg.cpp">
      <Filter>Source Files</Filter>
    </ClCompile>
    <ClCompile Include="sdktestdemo\stdafx.cpp">
      <Filter>Source Files</Filter>
    </ClCompile>
    <ClCompile Include="sdktestdemo\VideoTips.cpp">
      <Filter>Source Files</Filter>
    </ClCompile>
    <ClCompile Include="sdktestdemo\VideoWnd.cpp">
      <Filter>Source Files</Filter>
    </ClCompile>
    <ClCompile Include="urtcsdk\URTCEventHandler.cpp">
      <Filter>urtcengine</Filter>
    </ClCompile>
    <ClCompile Include="utils\SdkUtil.cpp">
      <Filter>utiles</Filter>
    </ClCompile>
  </ItemGroup>
  <ItemGroup>
    <ClInclude Include="sdktestdemo\DeviceTestDlg.h">
      <Filter>Header Files</Filter>
    </ClInclude>
    <ClInclude Include="sdktestdemo\minidump.h">
      <Filter>Header Files</Filter>
    </ClInclude>
    <ClInclude Include="sdktestdemo\resource.h">
      <Filter>Header Files</Filter>
    </ClInclude>
    <ClInclude Include="sdktestdemo\SdkTestDemo.h">
      <Filter>Header Files</Filter>
    </ClInclude>
    <ClInclude Include="sdktestdemo\SdkTestDemoDlg.h">
      <Filter>Header Files</Filter>
    </ClInclude>
    <ClInclude Include="sdktestdemo\stdafx.h">
      <Filter>Header Files</Filter>
    </ClInclude>
    <ClInclude Include="sdktestdemo\targetver.h">
      <Filter>Header Files</Filter>
    </ClInclude>
    <ClInclude Include="sdktestdemo\VideoTips.h">
      <Filter>Header Files</Filter>
    </ClInclude>
    <ClInclude Include="sdktestdemo\VideoWnd.h">
      <Filter>Header Files</Filter>
    </ClInclude>
    <ClInclude Include="urtcsdk\URTCEventHandler.h">
      <Filter>urtcengine</Filter>
    </ClInclude>
    <ClInclude Include="urtcsdk\URTCEventmsg.h">
      <Filter>urtcengine</Filter>
    </ClInclude>
    <ClInclude Include="urtcsdk\URTCDefine.h">
      <Filter>urtcengine</Filter>
    </ClInclude>
    <ClInclude Include="utils\SdkUtil.h">
      <Filter>utiles</Filter>
    </ClInclude>
  </ItemGroup>
  <ItemGroup>
    <ResourceCompile Include="sdktestdemo\SdkTestDemo.rc">
      <Filter>Resource Files</Filter>
    </ResourceCompile>
  </ItemGroup>
  <ItemGroup>
    <None Include="sdktestdemo\res\SdkTestDemo.rc2">
      <Filter>Resource Files</Filter>
    </None>
  </ItemGroup>
  <ItemGroup>
    <Image Include="sdktestdemo\res\SdkTestDemo.ico">
      <Filter>Resource Files</Filter>
    </Image>
  </ItemGroup>
</Project>